
Microsoft Visual Studio Solution File, Format Version 12.00
# Visual Studio Version 17
VisualStudioVersion = 17.0.31903.59
MinimumVisualStudioVersion = 10.0.40219.1
Project("{FAE04EC0-301F-11D3-BF4B-00C04F79EFBC}") = "PasswordPicsReact.Web", "PasswordPicsReact.Web\PasswordPicsReact.Web.csproj", "{33246AE1-C92A-4C27-BB64-1D472A8337F4}"
EndProject
Project("{FAE04EC0-301F-11D3-BF4B-00C04F79EFBC}") = "PasswordPicsReact.Data", "PasswordPicsReact.Data\PasswordPicsReact.Data.csproj", "{38E70A5D-A252-4D83-B68D-E717F4C3F494}"
EndProject
Global
	GlobalSection(SolutionConfigurationPlatforms) = preSolution
		Debug|Any CPU = Debug|Any CPU
		Release|Any CPU = Release|Any CPU
	EndGlobalSection
	GlobalSection(SolutionProperties) = preSolution
		HideSolutionNode = FALSE
	EndGlobalSection
	GlobalSection(ProjectConfigurationPlatforms) = postSolution
		{33246AE1-C92A-4C27-BB64-1D472A8337F4}.Debug|Any CPU.ActiveCfg = Debug|Any CPU
		{33246AE1-C92A-4C27-BB64-1D472A8337F4}.Debug|Any CPU.Build.0 = Debug|Any CPU
		{33246AE1-C92A-4C27-BB64-1D472A8337F4}.Release|Any CPU.ActiveCfg = Release|Any CPU
		{33246AE1-C92A-4C27-BB64-1D472A8337F4}.Release|Any CPU.Build.0 = Release|Any CPU
		{38E70A5D-A252-4D83-B68D-E717F4C3F494}.Debug|Any CPU.ActiveCfg = Debug|Any CPU
		{38E70A5D-A252-4D83-B68D-E717F4C3F494}.Debug|Any CPU.Build.0 = Debug|Any CPU
		{38E70A5D-A252-4D83-B68D-E717F4C3F494}.Release|Any CPU.ActiveCfg = Release|Any CPU
		{38E70A5D-A252-4D83-B68D-E717F4C3F494}.Release|Any CPU.Build.0 = Release|Any CPU
	EndGlobalSection
EndGlobal
